# This file is autogenerated, do not edit; changes may be undone by the next 'dep ensure'.


[[projects]]
  branch = "master"
  name = "github.com/freeconf/gconf"
  packages = ["c2","device","meta","meta/render","meta/yang","node","nodes","restconf","secure","stock","val","xpath"]
  revision = "9c013174146a1973a5f9effc7b7c2a74808d2a75"

[[projects]]
  branch = "master"
  name = "golang.org/x/net"
  packages = ["websocket"]
  revision = "42fe2e1c20de1054d3d30f82cc9fb5b41e2e3767"

[solve-meta]
  analyzer-name = "dep"
  analyzer-version = 1
  inputs-digest = "90e6051e67f4a17ff179a1ffdba5a8f6d181a105ab03192dd79635c48d6d9aa6"
  solver-name = "gps-cdcl"
  solver-version = 1
