# This file is autogenerated, do not edit; changes may be undone by the next 'dep ensure'.


[[projects]]
  branch = "master"
  name = "github.com/c2stack/c2g"
  packages = ["c2","device","meta","meta/render","meta/yang","node","nodes","restconf","secure","stock","val","xpath"]
  revision = "1c9c7a0d0dbd5b53c724901cd499caf411f366c2"

[[projects]]
  branch = "master"
  name = "golang.org/x/net"
  packages = ["websocket"]
  revision = "0a9397675ba34b2845f758fe3cd68828369c6517"

[solve-meta]
  analyzer-name = "dep"
  analyzer-version = 1
  inputs-digest = "dfc26594c904cc80e259a9e8f78ce9bbb59378d52022e6b021a8dbd4346dd2ab"
  solver-name = "gps-cdcl"
  solver-version = 1
